// !$*UTF8*$!
{
	archiveVersion = 1;
	classes = {
	};
	objectVersion = 51;
	objects = {

/* Begin PBXBuildFile section */
		1FD3FC3626BB762700847F84 /* MapViewController.swift in Sources */ = {isa = PBXBuildFile; fileRef = 1FD3FC3526BB762700847F84 /* MapViewController.swift */; };
		1FD3FC3A26BB763600847F84 /* ListViewController.swift in Sources */ = {isa = PBXBuildFile; fileRef = 1FD3FC3926BB763600847F84 /* ListViewController.swift */; };
		1FD3FC4B26BCEE5D00847F84 /* Place.swift in Sources */ = {isa = PBXBuildFile; fileRef = 1FD3FC4A26BCEE5D00847F84 /* Place.swift */; };
		1FD3FC4F26BCF9E000847F84 /* YelpDataViewController.swift in Sources */ = {isa = PBXBuildFile; fileRef = 1FD3FC4E26BCF9E000847F84 /* YelpDataViewController.swift */; };
		1FEAAD9726BD7B29000564E7 /* CustomAnnotation.swift in Sources */ = {isa = PBXBuildFile; fileRef = 1FEAAD9626BD7B29000564E7 /* CustomAnnotation.swift */; };
		1FEAAD9A26BD7F20000564E7 /* MapViewProtocol.swift in Sources */ = {isa = PBXBuildFile; fileRef = 1FEAAD9926BD7F20000564E7 /* MapViewProtocol.swift */; };
		1FEAAD9C26BD8904000564E7 /* DetailViewController.swift in Sources */ = {isa = PBXBuildFile; fileRef = 1FEAAD9B26BD8904000564E7 /* DetailViewController.swift */; };
		1FEAAD9E26BDC823000564E7 /* CustomLabel.swift in Sources */ = {isa = PBXBuildFile; fileRef = 1FEAAD9D26BDC823000564E7 /* CustomLabel.swift */; };
		1FEAADA026BE1770000564E7 /* ListTableViewCell.xib in Resources */ = {isa = PBXBuildFile; fileRef = 1FEAAD9F26BE1770000564E7 /* ListTableViewCell.xib */; };
		1FEAADA226BE1BA7000564E7 /* ListTableViewCell.swift in Sources */ = {isa = PBXBuildFile; fileRef = 1FEAADA126BE1BA7000564E7 /* ListTableViewCell.swift */; };
		7A84D98DD2E1BC6CD5BEB23D /* Pods_Fast_Foodz.framework in Frameworks */ = {isa = PBXBuildFile; fileRef = D29E38CEE8EE0D8C2F968F05 /* Pods_Fast_Foodz.framework */; };
		9716375B23DE511400888D1C /* GlobalStruct.swift in Sources */ = {isa = PBXBuildFile; fileRef = 9716375A23DE511400888D1C /* GlobalStruct.swift */; };
		9762A92323DE2C1D005C3A4D /* AppDelegate.swift in Sources */ = {isa = PBXBuildFile; fileRef = 9762A92223DE2C1D005C3A4D /* AppDelegate.swift */; };
		9762A92723DE2C1D005C3A4D /* HomeViewController.swift in Sources */ = {isa = PBXBuildFile; fileRef = 9762A92623DE2C1D005C3A4D /* HomeViewController.swift */; };
		9762A92A23DE2C1D005C3A4D /* Main.storyboard in Resources */ = {isa = PBXBuildFile; fileRef = 9762A92823DE2C1D005C3A4D /* Main.storyboard */; };
		9762A92C23DE2C1F005C3A4D /* Assets.xcassets in Resources */ = {isa = PBXBuildFile; fileRef = 9762A92B23DE2C1F005C3A4D /* Assets.xcassets */; };
		9762A92F23DE2C1F005C3A4D /* LaunchScreen.storyboard in Resources */ = {isa = PBXBuildFile; fileRef = 9762A92D23DE2C1F005C3A4D /* LaunchScreen.storyboard */; };
		9762A93723DE2D99005C3A4D /* Colors.swift in Sources */ = {isa = PBXBuildFile; fileRef = 9762A93623DE2D99005C3A4D /* Colors.swift */; };
/* End PBXBuildFile section */

/* Begin PBXFileReference section */
		1FD3FBFE26BADEC800847F84 /* Fast Foodz.app */ = {isa = PBXFileReference; explicitFileType = wrapper.application; includeInIndex = 0; path = "Fast Foodz.app"; sourceTree = BUILT_PRODUCTS_DIR; };
		1FD3FC3526BB762700847F84 /* MapViewController.swift */ = {isa = PBXFileReference; lastKnownFileType = sourcecode.swift; path = MapViewController.swift; sourceTree = "<group>"; };
		1FD3FC3926BB763600847F84 /* ListViewController.swift */ = {isa = PBXFileReference; lastKnownFileType = sourcecode.swift; path = ListViewController.swift; sourceTree = "<group>"; };
		1FD3FC4A26BCEE5D00847F84 /* Place.swift */ = {isa = PBXFileReference; lastKnownFileType = sourcecode.swift; path = Place.swift; sourceTree = "<group>"; };
		1FD3FC4E26BCF9E000847F84 /* YelpDataViewController.swift */ = {isa = PBXFileReference; lastKnownFileType = sourcecode.swift; path = YelpDataViewController.swift; sourceTree = "<group>"; };
		1FEAAD9626BD7B29000564E7 /* CustomAnnotation.swift */ = {isa = PBXFileReference; lastKnownFileType = sourcecode.swift; path = CustomAnnotation.swift; sourceTree = "<group>"; };
		1FEAAD9926BD7F20000564E7 /* MapViewProtocol.swift */ = {isa = PBXFileReference; lastKnownFileType = sourcecode.swift; path = MapViewProtocol.swift; sourceTree = "<group>"; };
		1FEAAD9B26BD8904000564E7 /* DetailViewController.swift */ = {isa = PBXFileReference; lastKnownFileType = sourcecode.swift; path = DetailViewController.swift; sourceTree = "<group>"; };
		1FEAAD9D26BDC823000564E7 /* CustomLabel.swift */ = {isa = PBXFileReference; lastKnownFileType = sourcecode.swift; path = CustomLabel.swift; sourceTree = "<group>"; };
		1FEAAD9F26BE1770000564E7 /* ListTableViewCell.xib */ = {isa = PBXFileReference; lastKnownFileType = file.xib; path = ListTableViewCell.xib; sourceTree = "<group>"; };
		1FEAADA126BE1BA7000564E7 /* ListTableViewCell.swift */ = {isa = PBXFileReference; lastKnownFileType = sourcecode.swift; path = ListTableViewCell.swift; sourceTree = "<group>"; };
		2FA29DC1ECABB5F5729F43E0 /* Pods-Fast Foodz.release.xcconfig */ = {isa = PBXFileReference; includeInIndex = 1; lastKnownFileType = text.xcconfig; name = "Pods-Fast Foodz.release.xcconfig"; path = "Target Support Files/Pods-Fast Foodz/Pods-Fast Foodz.release.xcconfig"; sourceTree = "<group>"; };
		9716375A23DE511400888D1C /* GlobalStruct.swift */ = {isa = PBXFileReference; lastKnownFileType = sourcecode.swift; path = GlobalStruct.swift; sourceTree = "<group>"; };
		9762A92223DE2C1D005C3A4D /* AppDelegate.swift */ = {isa = PBXFileReference; lastKnownFileType = sourcecode.swift; path = AppDelegate.swift; sourceTree = "<group>"; };
		9762A92623DE2C1D005C3A4D /* HomeViewController.swift */ = {isa = PBXFileReference; lastKnownFileType = sourcecode.swift; path = HomeViewController.swift; sourceTree = "<group>"; };
		9762A92923DE2C1D005C3A4D /* Base */ = {isa = PBXFileReference; lastKnownFileType = file.storyboard; name = Base; path = Base.lproj/Main.storyboard; sourceTree = "<group>"; };
		9762A92B23DE2C1F005C3A4D /* Assets.xcassets */ = {isa = PBXFileReference; lastKnownFileType = folder.assetcatalog; path = Assets.xcassets; sourceTree = "<group>"; };
		9762A92E23DE2C1F005C3A4D /* Base */ = {isa = PBXFileReference; lastKnownFileType = file.storyboard; name = Base; path = Base.lproj/LaunchScreen.storyboard; sourceTree = "<group>"; };
		9762A93023DE2C1F005C3A4D /* Info.plist */ = {isa = PBXFileReference; lastKnownFileType = text.plist.xml; path = Info.plist; sourceTree = "<group>"; };
		9762A93623DE2D99005C3A4D /* Colors.swift */ = {isa = PBXFileReference; fileEncoding = 4; lastKnownFileType = sourcecode.swift; path = Colors.swift; sourceTree = "<group>"; };
		C4654C51AC53D6CFE405C986 /* Pods-Fast Foodz.debug.xcconfig */ = {isa = PBXFileReference; includeInIndex = 1; lastKnownFileType = text.xcconfig; name = "Pods-Fast Foodz.debug.xcconfig"; path = "Target Support Files/Pods-Fast Foodz/Pods-Fast Foodz.debug.xcconfig"; sourceTree = "<group>"; };
		D29E38CEE8EE0D8C2F968F05 /* Pods_Fast_Foodz.framework */ = {isa = PBXFileReference; explicitFileType = wrapper.framework; includeInIndex = 0; path = Pods_Fast_Foodz.framework; sourceTree = BUILT_PRODUCTS_DIR; };
/* End PBXFileReference section */

/* Begin PBXFrameworksBuildPhase section */
		9762A91C23DE2C1D005C3A4D /* Frameworks */ = {
			isa = PBXFrameworksBuildPhase;
			buildActionMask = 2147483647;
			files = (
				7A84D98DD2E1BC6CD5BEB23D /* Pods_Fast_Foodz.framework in Frameworks */,
			);
			runOnlyForDeploymentPostprocessing = 0;
		};
/* End PBXFrameworksBuildPhase section */

/* Begin PBXGroup section */
		1FD3FC3426BB75E300847F84 /* ViewControllers */ = {
			isa = PBXGroup;
			children = (
				9762A92623DE2C1D005C3A4D /* HomeViewController.swift */,
				1FD3FC3526BB762700847F84 /* MapViewController.swift */,
				1FD3FC3926BB763600847F84 /* ListViewController.swift */,
				1FD3FC4E26BCF9E000847F84 /* YelpDataViewController.swift */,
				1FEAAD9B26BD8904000564E7 /* DetailViewController.swift */,
			);
			path = ViewControllers;
			sourceTree = "<group>";
		};
		1FD3FC4926BCEE4900847F84 /* Model */ = {
			isa = PBXGroup;
			children = (
				1FD3FC4A26BCEE5D00847F84 /* Place.swift */,
			);
			path = Model;
			sourceTree = "<group>";
		};
		1FEAAD9526BD7B07000564E7 /* View */ = {
			isa = PBXGroup;
			children = (
				1FEAAD9626BD7B29000564E7 /* CustomAnnotation.swift */,
				1FEAAD9D26BDC823000564E7 /* CustomLabel.swift */,
				1FEAAD9F26BE1770000564E7 /* ListTableViewCell.xib */,
				1FEAADA126BE1BA7000564E7 /* ListTableViewCell.swift */,
			);
			path = View;
			sourceTree = "<group>";
		};
		1FEAAD9826BD7EF8000564E7 /* Protocols */ = {
			isa = PBXGroup;
			children = (
				1FEAAD9926BD7F20000564E7 /* MapViewProtocol.swift */,
			);
			path = Protocols;
			sourceTree = "<group>";
		};
		9762A91623DE2C1D005C3A4D = {
			isa = PBXGroup;
			children = (
				9762A92123DE2C1D005C3A4D /* Fast Foodz */,
				1FD3FBFE26BADEC800847F84 /* Fast Foodz.app */,
				E8B7F4B24B872CCDC9054FD5 /* Pods */,
				C6C0FBE3588F9ABA055E2416 /* Frameworks */,
			);
			sourceTree = "<group>";
		};
		9762A92123DE2C1D005C3A4D /* Fast Foodz */ = {
			isa = PBXGroup;
			children = (
				1FEAAD9826BD7EF8000564E7 /* Protocols */,
				1FEAAD9526BD7B07000564E7 /* View */,
				1FD3FC4926BCEE4900847F84 /* Model */,
				1FD3FC3426BB75E300847F84 /* ViewControllers */,
				9762A93023DE2C1F005C3A4D /* Info.plist */,
				9762A92223DE2C1D005C3A4D /* AppDelegate.swift */,
				9762A92823DE2C1D005C3A4D /* Main.storyboard */,
				9716375A23DE511400888D1C /* GlobalStruct.swift */,
				9762A93623DE2D99005C3A4D /* Colors.swift */,
				9762A92B23DE2C1F005C3A4D /* Assets.xcassets */,
				9762A92D23DE2C1F005C3A4D /* LaunchScreen.storyboard */,
			);
			path = "Fast Foodz";
			sourceTree = "<group>";
		};
		C6C0FBE3588F9ABA055E2416 /* Frameworks */ = {
			isa = PBXGroup;
			children = (
				D29E38CEE8EE0D8C2F968F05 /* Pods_Fast_Foodz.framework */,
			);
			name = Frameworks;
			sourceTree = "<group>";
		};
		E8B7F4B24B872CCDC9054FD5 /* Pods */ = {
			isa = PBXGroup;
			children = (
				C4654C51AC53D6CFE405C986 /* Pods-Fast Foodz.debug.xcconfig */,
				2FA29DC1ECABB5F5729F43E0 /* Pods-Fast Foodz.release.xcconfig */,
			);
			path = Pods;
			sourceTree = "<group>";
		};
/* End PBXGroup section */

/* Begin PBXNativeTarget section */
		9762A91E23DE2C1D005C3A4D /* Fast Foodz */ = {
			isa = PBXNativeTarget;
			buildConfigurationList = 9762A93323DE2C1F005C3A4D /* Build configuration list for PBXNativeTarget "Fast Foodz" */;
			buildPhases = (
				FEDA49EC394E90DC376CC8D8 /* [CP] Check Pods Manifest.lock */,
				9762A91B23DE2C1D005C3A4D /* Sources */,
				9762A91C23DE2C1D005C3A4D /* Frameworks */,
				9762A91D23DE2C1D005C3A4D /* Resources */,
				F9D6BC46A71447650DC505BA /* [CP] Embed Pods Frameworks */,
			);
			buildRules = (
			);
			dependencies = (
			);
			name = "Fast Foodz";
			productName = "Fast Foodz";
			productReference = 1FD3FBFE26BADEC800847F84 /* Fast Foodz.app */;
			productType = "com.apple.product-type.application";
		};
/* End PBXNativeTarget section */

/* Begin PBXProject section */
		9762A91723DE2C1D005C3A4D /* Project object */ = {
			isa = PBXProject;
			attributes = {
				LastSwiftUpdateCheck = 1130;
				LastUpgradeCheck = 1130;
				TargetAttributes = {
					9762A91E23DE2C1D005C3A4D = {
						CreatedOnToolsVersion = 11.3.1;
					};
				};
			};
			buildConfigurationList = 9762A91A23DE2C1D005C3A4D /* Build configuration list for PBXProject "Fast Foodz" */;
			compatibilityVersion = "Xcode 9.3";
			developmentRegion = en;
			hasScannedForEncodings = 0;
			knownRegions = (
				en,
				Base,
			);
			mainGroup = 9762A91623DE2C1D005C3A4D;
			productRefGroup = 9762A91623DE2C1D005C3A4D;
			projectDirPath = "";
			projectRoot = "";
			targets = (
				9762A91E23DE2C1D005C3A4D /* Fast Foodz */,
			);
		};
/* End PBXProject section */

/* Begin PBXResourcesBuildPhase section */
		9762A91D23DE2C1D005C3A4D /* Resources */ = {
			isa = PBXResourcesBuildPhase;
			buildActionMask = 2147483647;
			files = (
				9762A92F23DE2C1F005C3A4D /* LaunchScreen.storyboard in Resources */,
				1FEAADA026BE1770000564E7 /* ListTableViewCell.xib in Resources */,
				9762A92C23DE2C1F005C3A4D /* Assets.xcassets in Resources */,
				9762A92A23DE2C1D005C3A4D /* Main.storyboard in Resources */,
			);
			runOnlyForDeploymentPostprocessing = 0;
		};
/* End PBXResourcesBuildPhase section */

/* Begin PBXShellScriptBuildPhase section */
		F9D6BC46A71447650DC505BA /* [CP] Embed Pods Frameworks */ = {
			isa = PBXShellScriptBuildPhase;
			buildActionMask = 2147483647;
			files = (
			);
			inputFileListPaths = (
				"${PODS_ROOT}/Target Support Files/Pods-Fast Foodz/Pods-Fast Foodz-frameworks-${CONFIGURATION}-input-files.xcfilelist",
			);
			name = "[CP] Embed Pods Frameworks";
			outputFileListPaths = (
				"${PODS_ROOT}/Target Support Files/Pods-Fast Foodz/Pods-Fast Foodz-frameworks-${CONFIGURATION}-output-files.xcfilelist",
			);
			runOnlyForDeploymentPostprocessing = 0;
			shellPath = /bin/sh;
			shellScript = "\"${PODS_ROOT}/Target Support Files/Pods-Fast Foodz/Pods-Fast Foodz-frameworks.sh\"\n";
			showEnvVarsInLog = 0;
		};
		FEDA49EC394E90DC376CC8D8 /* [CP] Check Pods Manifest.lock */ = {
			isa = PBXShellScriptBuildPhase;
			buildActionMask = 2147483647;
			files = (
			);
			inputFileListPaths = (
			);
			inputPaths = (
				"${PODS_PODFILE_DIR_PATH}/Podfile.lock",
				"${PODS_ROOT}/Manifest.lock",
			);
			name = "[CP] Check Pods Manifest.lock";
			outputFileListPaths = (
			);
			outputPaths = (
				"$(DERIVED_FILE_DIR)/Pods-Fast Foodz-checkManifestLockResult.txt",
			);
			runOnlyForDeploymentPostprocessing = 0;
			shellPath = /bin/sh;
			shellScript = "diff \"${PODS_PODFILE_DIR_PATH}/Podfile.lock\" \"${PODS_ROOT}/Manifest.lock\" > /dev/null\nif [ $? != 0 ] ; then\n    # print error to STDERR\n    echo \"error: The sandbox is not in sync with the Podfile.lock. Run 'pod install' or update your CocoaPods installation.\" >&2\n    exit 1\nfi\n# This output is used by Xcode 'outputs' to avoid re-running this script phase.\necho \"SUCCESS\" > \"${SCRIPT_OUTPUT_FILE_0}\"\n";
			showEnvVarsInLog = 0;
		};
/* End PBXShellScriptBuildPhase section */

/* Begin PBXSourcesBuildPhase section */
		9762A91B23DE2C1D005C3A4D /* Sources */ = {
			isa = PBXSourcesBuildPhase;
			buildActionMask = 2147483647;
			files = (
				1FEAAD9C26BD8904000564E7 /* DetailViewController.swift in Sources */,
				9762A92723DE2C1D005C3A4D /* HomeViewController.swift in Sources */,
				9762A93723DE2D99005C3A4D /* Colors.swift in Sources */,
				1FEAAD9726BD7B29000564E7 /* CustomAnnotation.swift in Sources */,
				1FD3FC3A26BB763600847F84 /* ListViewController.swift in Sources */,
				9716375B23DE511400888D1C /* GlobalStruct.swift in Sources */,
				1FEAAD9A26BD7F20000564E7 /* MapViewProtocol.swift in Sources */,
				1FEAAD9E26BDC823000564E7 /* CustomLabel.swift in Sources */,
				1FD3FC4F26BCF9E000847F84 /* YelpDataViewController.swift in Sources */,
				1FD3FC3626BB762700847F84 /* MapViewController.swift in Sources */,
				1FD3FC4B26BCEE5D00847F84 /* Place.swift in Sources */,
				1FEAADA226BE1BA7000564E7 /* ListTableViewCell.swift in Sources */,
				9762A92323DE2C1D005C3A4D /* AppDelegate.swift in Sources */,
			);
			runOnlyForDeploymentPostprocessing = 0;
		};
/* End PBXSourcesBuildPhase section */

/* Begin PBXVariantGroup section */
		9762A92823DE2C1D005C3A4D /* Main.storyboard */ = {
			isa = PBXVariantGroup;
			children = (
				9762A92923DE2C1D005C3A4D /* Base */,
			);
			name = Main.storyboard;
			sourceTree = "<group>";
		};
		9762A92D23DE2C1F005C3A4D /* LaunchScreen.storyboard */ = {
			isa = PBXVariantGroup;
			children = (
				9762A92E23DE2C1F005C3A4D /* Base */,
			);
			name = LaunchScreen.storyboard;
			sourceTree = "<group>";
		};
/* End PBXVariantGroup section */

/* Begin XCBuildConfiguration section */
		9762A93123DE2C1F005C3A4D /* Debug */ = {
			isa = XCBuildConfiguration;
			buildSettings = {
				ALWAYS_SEARCH_USER_PATHS = NO;
				CLANG_ANALYZER_NONNULL = YES;
				CLANG_ANALYZER_NUMBER_OBJECT_CONVERSION = YES_AGGRESSIVE;
				CLANG_CXX_LANGUAGE_STANDARD = "gnu++14";
				CLANG_CXX_LIBRARY = "libc++";
				CLANG_ENABLE_MODULES = YES;
				CLANG_ENABLE_OBJC_ARC = YES;
				CLANG_ENABLE_OBJC_WEAK = YES;
				CLANG_WARN_BLOCK_CAPTURE_AUTORELEASING = YES;
				CLANG_WARN_BOOL_CONVERSION = YES;
				CLANG_WARN_COMMA = YES;
				CLANG_WARN_CONSTANT_CONVERSION = YES;
				CLANG_WARN_DEPRECATED_OBJC_IMPLEMENTATIONS = YES;
				CLANG_WARN_DIRECT_OBJC_ISA_USAGE = YES_ERROR;
				CLANG_WARN_DOCUMENTATION_COMMENTS = YES;
				CLANG_WARN_EMPTY_BODY = YES;
				CLANG_WARN_ENUM_CONVERSION = YES;
				CLANG_WARN_INFINITE_RECURSION = YES;
				CLANG_WARN_INT_CONVERSION = YES;
				CLANG_WARN_NON_LITERAL_NULL_CONVERSION = YES;
				CLANG_WARN_OBJC_IMPLICIT_RETAIN_SELF = YES;
				CLANG_WARN_OBJC_LITERAL_CONVERSION = YES;
				CLANG_WARN_OBJC_ROOT_CLASS = YES_ERROR;
				CLANG_WARN_RANGE_LOOP_ANALYSIS = YES;
				CLANG_WARN_STRICT_PROTOTYPES = YES;
				CLANG_WARN_SUSPICIOUS_MOVE = YES;
				CLANG_WARN_UNGUARDED_AVAILABILITY = YES_AGGRESSIVE;
				CLANG_WARN_UNREACHABLE_CODE = YES;
				CLANG_WARN__DUPLICATE_METHOD_MATCH = YES;
				COPY_PHASE_STRIP = NO;
				DEBUG_INFORMATION_FORMAT = dwarf;
				ENABLE_STRICT_OBJC_MSGSEND = YES;
				ENABLE_TESTABILITY = YES;
				GCC_C_LANGUAGE_STANDARD = gnu11;
				GCC_DYNAMIC_NO_PIC = NO;
				GCC_NO_COMMON_BLOCKS = YES;
				GCC_OPTIMIZATION_LEVEL = 0;
				GCC_PREPROCESSOR_DEFINITIONS = (
					"DEBUG=1",
					"$(inherited)",
				);
				GCC_WARN_64_TO_32_BIT_CONVERSION = YES;
				GCC_WARN_ABOUT_RETURN_TYPE = YES_ERROR;
				GCC_WARN_UNDECLARED_SELECTOR = YES;
				GCC_WARN_UNINITIALIZED_AUTOS = YES_AGGRESSIVE;
				GCC_WARN_UNUSED_FUNCTION = YES;
				GCC_WARN_UNUSED_VARIABLE = YES;
				IPHONEOS_DEPLOYMENT_TARGET = 13.0;
				MTL_ENABLE_DEBUG_INFO = INCLUDE_SOURCE;
				MTL_FAST_MATH = YES;
				ONLY_ACTIVE_ARCH = YES;
				SDKROOT = iphoneos;
				SWIFT_ACTIVE_COMPILATION_CONDITIONS = DEBUG;
				SWIFT_OPTIMIZATION_LEVEL = "-Onone";
			};
			name = Debug;
		};
		9762A93223DE2C1F005C3A4D /* Release */ = {
			isa = XCBuildConfiguration;
			buildSettings = {
				ALWAYS_SEARCH_USER_PATHS = NO;
				CLANG_ANALYZER_NONNULL = YES;
				CLANG_ANALYZER_NUMBER_OBJECT_CONVERSION = YES_AGGRESSIVE;
				CLANG_CXX_LANGUAGE_STANDARD = "gnu++14";
				CLANG_CXX_LIBRARY = "libc++";
				CLANG_ENABLE_MODULES = YES;
				CLANG_ENABLE_OBJC_ARC = YES;
				CLANG_ENABLE_OBJC_WEAK = YES;
				CLANG_WARN_BLOCK_CAPTURE_AUTORELEASING = YES;
				CLANG_WARN_BOOL_CONVERSION = YES;
				CLANG_WARN_COMMA = YES;
				CLANG_WARN_CONSTANT_CONVERSION = YES;
				CLANG_WARN_DEPRECATED_OBJC_IMPLEMENTATIONS = YES;
				CLANG_WARN_DIRECT_OBJC_ISA_USAGE = YES_ERROR;
				CLANG_WARN_DOCUMENTATION_COMMENTS = YES;
				CLANG_WARN_EMPTY_BODY = YES;
				CLANG_WARN_ENUM_CONVERSION = YES;
				CLANG_WARN_INFINITE_RECURSION = YES;
				CLANG_WARN_INT_CONVERSION = YES;
				CLANG_WARN_NON_LITERAL_NULL_CONVERSION = YES;
				CLANG_WARN_OBJC_IMPLICIT_RETAIN_SELF = YES;
				CLANG_WARN_OBJC_LITERAL_CONVERSION = YES;
				CLANG_WARN_OBJC_ROOT_CLASS = YES_ERROR;
				CLANG_WARN_RANGE_LOOP_ANALYSIS = YES;
				CLANG_WARN_STRICT_PROTOTYPES = YES;
				CLANG_WARN_SUSPICIOUS_MOVE = YES;
				CLANG_WARN_UNGUARDED_AVAILABILITY = YES_AGGRESSIVE;
				CLANG_WARN_UNREACHABLE_CODE = YES;
				CLANG_WARN__DUPLICATE_METHOD_MATCH = YES;
				COPY_PHASE_STRIP = NO;
				DEBUG_INFORMATION_FORMAT = "dwarf-with-dsym";
				ENABLE_NS_ASSERTIONS = NO;
				ENABLE_STRICT_OBJC_MSGSEND = YES;
				GCC_C_LANGUAGE_STANDARD = gnu11;
				GCC_NO_COMMON_BLOCKS = YES;
				GCC_WARN_64_TO_32_BIT_CONVERSION = YES;
				GCC_WARN_ABOUT_RETURN_TYPE = YES_ERROR;
				GCC_WARN_UNDECLARED_SELECTOR = YES;
				GCC_WARN_UNINITIALIZED_AUTOS = YES_AGGRESSIVE;
				GCC_WARN_UNUSED_FUNCTION = YES;
				GCC_WARN_UNUSED_VARIABLE = YES;
				IPHONEOS_DEPLOYMENT_TARGET = 13.0;
				MTL_ENABLE_DEBUG_INFO = NO;
				MTL_FAST_MATH = YES;
				SDKROOT = iphoneos;
				SWIFT_COMPILATION_MODE = wholemodule;
				SWIFT_OPTIMIZATION_LEVEL = "-O";
				VALIDATE_PRODUCT = YES;
			};
			name = Release;
		};
		9762A93423DE2C1F005C3A4D /* Debug */ = {
			isa = XCBuildConfiguration;
			baseConfigurationReference = C4654C51AC53D6CFE405C986 /* Pods-Fast Foodz.debug.xcconfig */;
			buildSettings = {
				CODE_SIGN_STYLE = Automatic;
				DEVELOPMENT_TEAM = "";
				INFOPLIST_FILE = "Fast Foodz/Info.plist";
				IPHONEOS_DEPLOYMENT_TARGET = 13.0;
				LD_RUNPATH_SEARCH_PATHS = (
					"$(inherited)",
					"@executable_path/Frameworks",
				);
				PRODUCT_BUNDLE_IDENTIFIER = "code-challenge.Fast-Foodz";
				PRODUCT_NAME = "$(TARGET_NAME)";
				SWIFT_VERSION = 5.0;
				TARGETED_DEVICE_FAMILY = 1;
			};
			name = Debug;
		};
		9762A93523DE2C1F005C3A4D /* Release */ = {
			isa = XCBuildConfiguration;
			baseConfigurationReference = 2FA29DC1ECABB5F5729F43E0 /* Pods-Fast Foodz.release.xcconfig */;
			buildSettings = {
				CODE_SIGN_STYLE = Automatic;
				DEVELOPMENT_TEAM = "";
				INFOPLIST_FILE = "Fast Foodz/Info.plist";
				IPHONEOS_DEPLOYMENT_TARGET = 13.0;
				LD_RUNPATH_SEARCH_PATHS = (
					"$(inherited)",
					"@executable_path/Frameworks",
				);
				PRODUCT_BUNDLE_IDENTIFIER = "code-challenge.Fast-Foodz";
				PRODUCT_NAME = "$(TARGET_NAME)";
				SWIFT_VERSION = 5.0;
				TARGETED_DEVICE_FAMILY = 1;
			};
			name = Release;
		};
/* End XCBuildConfiguration section */

/* Begin XCConfigurationList section */
		9762A91A23DE2C1D005C3A4D /* Build configuration list for PBXProject "Fast Foodz" */ = {
			isa = XCConfigurationList;
			buildConfigurations = (
				9762A93123DE2C1F005C3A4D /* Debug */,
				9762A93223DE2C1F005C3A4D /* Release */,
			);
			defaultConfigurationIsVisible = 0;
			defaultConfigurationName = Release;
		};
		9762A93323DE2C1F005C3A4D /* Build configuration list for PBXNativeTarget "Fast Foodz" */ = {
			isa = XCConfigurationList;
			buildConfigurations = (
				9762A93423DE2C1F005C3A4D /* Debug */,
				9762A93523DE2C1F005C3A4D /* Release */,
			);
			defaultConfigurationIsVisible = 0;
			defaultConfigurationName = Release;
		};
/* End XCConfigurationList section */
	};
	rootObject = 9762A91723DE2C1D005C3A4D /* Project object */;
}
